
Microsoft Visual Studio Solution File, Format Version 12.00
# Visual Studio Version 17
VisualStudioVersion = 17.14.36915.13 d17.14
MinimumVisualStudioVersion = 10.0.40219.1
Project("{FAE04EC0-301F-11D3-BF4B-00C04F79EFBC}") = "ConsoleApp_Pipline_First", "ConsoleApp_Pipline_First\ConsoleApp_Pipline_First.csproj", "{38AC5838-54C3-482F-8ECD-B592DDF2F01A}"
EndProject
Global
	GlobalSection(SolutionConfigurationPlatforms) = preSolution
		Debug|Any CPU = Debug|Any CPU
		Release|Any CPU = Release|Any CPU
	EndGlobalSection
	GlobalSection(ProjectConfigurationPlatforms) = postSolution
		{38AC5838-54C3-482F-8ECD-B592DDF2F01A}.Debug|Any CPU.ActiveCfg = Debug|Any CPU
		{38AC5838-54C3-482F-8ECD-B592DDF2F01A}.Debug|Any CPU.Build.0 = Debug|Any CPU
		{38AC5838-54C3-482F-8ECD-B592DDF2F01A}.Release|Any CPU.ActiveCfg = Release|Any CPU
		{38AC5838-54C3-482F-8ECD-B592DDF2F01A}.Release|Any CPU.Build.0 = Release|Any CPU
	EndGlobalSection
	GlobalSection(SolutionProperties) = preSolution
		HideSolutionNode = FALSE
	EndGlobalSection
	GlobalSection(ExtensibilityGlobals) = postSolution
		SolutionGuid = {11EC919E-8773-4C0A-911D-4FD65C50375B}
	EndGlobalSection
EndGlobal
